{"is_source_file": false, "format": "", "description": "", "external_files": [], "external_methods": [], "published": [], "classes": [], "methods": [], "calls": [], "search-terms": [], "state": 2, "file_id": 20, "knowledge_revision": 60, "git_revision": "28f5a5618ceadd2fb13da2bdc7cfd5f9aaed7219", "hash": "e9b4c3b42cef0193b7fddb548d37e652", "format-version": 4, "code-base-name": "default", "filename": "tic_tac_toe/post_process_status.lock", "revision_history": [{"60": "28f5a5618ceadd2fb13da2bdc7cfd5f9aaed7219"}]}